
Microsoft Visual Studio Solution File, Format Version 12.00
# Visual Studio Version 17
VisualStudioVersion = 17.9.34616.47
MinimumVisualStudioVersion = 10.0.40219.1
Project("{FAE04EC0-301F-11D3-BF4B-00C04F79EFBC}") = "OstBackport", "OstBackport\OstBackport.csproj", "{CB13C966-0B3D-495A-B6A4-48BBC8396F90}"
EndProject
Global
	GlobalSection(SolutionConfigurationPlatforms) = preSolution
		Debug|Any CPU = Debug|Any CPU
		Release|Any CPU = Release|Any CPU
	EndGlobalSection
	GlobalSection(ProjectConfigurationPlatforms) = postSolution
		{CB13C966-0B3D-495A-B6A4-48BBC8396F90}.Debug|Any CPU.ActiveCfg = Debug|Any CPU
		{CB13C966-0B3D-495A-B6A4-48BBC8396F90}.Debug|Any CPU.Build.0 = Debug|Any CPU
		{CB13C966-0B3D-495A-B6A4-48BBC8396F90}.Release|Any CPU.ActiveCfg = Release|Any CPU
		{CB13C966-0B3D-495A-B6A4-48BBC8396F90}.Release|Any CPU.Build.0 = Release|Any CPU
	EndGlobalSection
	GlobalSection(SolutionProperties) = preSolution
		HideSolutionNode = FALSE
	EndGlobalSection
	GlobalSection(ExtensibilityGlobals) = postSolution
		SolutionGuid = {5C0E8770-8EFB-4B0A-8412-5A88417004CC}
	EndGlobalSection
EndGlobal
